// !$*UTF8*$!
{
	archiveVersion = 1;
	classes = {
	};
	objectVersion = 77;
	objects = {

/* Begin PBXBuildFile section */
		ABCDEF0123456789ABCDEF05 /* PostHog in Frameworks */ = {isa = PBXBuildFile; productRef = ABCDEF0123456789ABCDEF04 /* PostHog */; };
		E81A81602F0F2BAD002A678B /* Supabase in Frameworks */ = {isa = PBXBuildFile; productRef = ABCDEF0123456789ABCDEF02 /* Supabase */; };
		E8BBD60A2F20000000C4B8DA /* WorkoutWidgets.appex in Embed App Extensions */ = {isa = PBXBuildFile; fileRef = E8BBD6002F20000000C4B8DA /* WorkoutWidgets.appex */; settings = {ATTRIBUTES = (CodeSignOnCopy, RemoveHeadersOnCopy, ); }; };
/* End PBXBuildFile section */

/* Begin PBXContainerItemProxy section */
		E8BBD60B2F20000000C4B8DA /* PBXContainerItemProxy */ = {
			isa = PBXContainerItemProxy;
			containerPortal = E8BBD5052F0E01FE00C4B8DA /* Project object */;
			proxyType = 1;
			remoteGlobalIDString = E8BBD6022F20000000C4B8DA;
			remoteInfo = WorkoutWidgets;
		};
/* End PBXContainerItemProxy section */

/* Begin PBXCopyFilesBuildPhase section */
		E8BBD6092F20000000C4B8DA /* Embed App Extensions */ = {
			isa = PBXCopyFilesBuildPhase;
			buildActionMask = 2147483647;
			dstPath = "";
			dstSubfolderSpec = 13;
			files = (
				E8BBD60A2F20000000C4B8DA /* WorkoutWidgets.appex in Embed App Extensions */,
			);
			name = "Embed App Extensions";
			runOnlyForDeploymentPostprocessing = 0;
		};
/* End PBXCopyFilesBuildPhase section */

/* Begin PBXFileReference section */
		E8BBD50D2F0E01FE00C4B8DA /* FIT AI.app */ = {isa = PBXFileReference; explicitFileType = wrapper.application; includeInIndex = 0; path = "FIT AI.app"; sourceTree = BUILT_PRODUCTS_DIR; };
		E8BBD6002F20000000C4B8DA /* WorkoutWidgets.appex */ = {isa = PBXFileReference; explicitFileType = "wrapper.app-extension"; includeInIndex = 0; path = WorkoutWidgets.appex; sourceTree = BUILT_PRODUCTS_DIR; };
/* End PBXFileReference section */

/* Begin PBXFileSystemSynchronizedRootGroup section */
		E8BBD50F2F0E01FE00C4B8DA /* FIT AI */ = {
			isa = PBXFileSystemSynchronizedRootGroup;
			path = "FIT AI";
			sourceTree = "<group>";
		};
		E8BBD5622F10000000C4B8DA /* Shared */ = {
			isa = PBXFileSystemSynchronizedRootGroup;
			path = Shared;
			sourceTree = "<group>";
		};
		E8BBD6012F20000000C4B8DA /* WorkoutWidgets */ = {
			isa = PBXFileSystemSynchronizedRootGroup;
			path = WorkoutWidgets;
			sourceTree = "<group>";
		};
/* End PBXFileSystemSynchronizedRootGroup section */

/* Begin PBXFrameworksBuildPhase section */
		E8BBD50A2F0E01FE00C4B8DA /* Frameworks */ = {
			isa = PBXFrameworksBuildPhase;
			buildActionMask = 2147483647;
			files = (
				E81A81602F0F2BAD002A678B /* Supabase in Frameworks */,
				ABCDEF0123456789ABCDEF05 /* PostHog in Frameworks */,
			);
			runOnlyForDeploymentPostprocessing = 0;
		};
		E8BBD6042F20000000C4B8DA /* Frameworks */ = {
			isa = PBXFrameworksBuildPhase;
			buildActionMask = 2147483647;
			files = (
			);
			runOnlyForDeploymentPostprocessing = 0;
		};
/* End PBXFrameworksBuildPhase section */

/* Begin PBXGroup section */
		E8BBD5042F0E01FE00C4B8DA = {
			isa = PBXGroup;
			children = (
				E8BBD50F2F0E01FE00C4B8DA /* FIT AI */,
				E8BBD5622F10000000C4B8DA /* Shared */,
				E8BBD6012F20000000C4B8DA /* WorkoutWidgets */,
				E8BBD50E2F0E01FE00C4B8DA /* Products */,
			);
			sourceTree = "<group>";
		};
		E8BBD50E2F0E01FE00C4B8DA /* Products */ = {
			isa = PBXGroup;
			children = (
				E8BBD50D2F0E01FE00C4B8DA /* FIT AI.app */,
				E8BBD6002F20000000C4B8DA /* WorkoutWidgets.appex */,
			);
			name = Products;
			sourceTree = "<group>";
		};
/* End PBXGroup section */

/* Begin PBXNativeTarget section */
		E8BBD50C2F0E01FE00C4B8DA /* FIT AI */ = {
			isa = PBXNativeTarget;
			buildConfigurationList = E8BBD5182F0E020000C4B8DA /* Build configuration list for PBXNativeTarget "FIT AI" */;
			buildPhases = (
				E8BBD5092F0E01FE00C4B8DA /* Sources */,
				E8BBD50A2F0E01FE00C4B8DA /* Frameworks */,
				E8BBD6092F20000000C4B8DA /* Embed App Extensions */,
				E8BBD50B2F0E01FE00C4B8DA /* Resources */,
			);
			buildRules = (
			);
			dependencies = (
				E8BBD60C2F20000000C4B8DA /* PBXTargetDependency */,
			);
			fileSystemSynchronizedGroups = (
				E8BBD50F2F0E01FE00C4B8DA /* FIT AI */,
				E8BBD5622F10000000C4B8DA /* Shared */,
			);
			name = "FIT AI";
			packageProductDependencies = (
				ABCDEF0123456789ABCDEF02 /* Supabase */,
				ABCDEF0123456789ABCDEF04 /* PostHog */,
			);
			productName = "FIT AI";
			productReference = E8BBD50D2F0E01FE00C4B8DA /* FIT AI.app */;
			productType = "com.apple.product-type.application";
		};
		E8BBD6022F20000000C4B8DA /* WorkoutWidgets */ = {
			isa = PBXNativeTarget;
			buildConfigurationList = E8BBD6082F20000000C4B8DA /* Build configuration list for PBXNativeTarget "WorkoutWidgets" */;
			buildPhases = (
				E8BBD6032F20000000C4B8DA /* Sources */,
				E8BBD6042F20000000C4B8DA /* Frameworks */,
				E8BBD6052F20000000C4B8DA /* Resources */,
			);
			buildRules = (
			);
			dependencies = (
			);
			fileSystemSynchronizedGroups = (
				E8BBD5622F10000000C4B8DA /* Shared */,
				E8BBD6012F20000000C4B8DA /* WorkoutWidgets */,
			);
			name = WorkoutWidgets;
			productName = WorkoutWidgets;
			productReference = E8BBD6002F20000000C4B8DA /* WorkoutWidgets.appex */;
			productType = "com.apple.product-type.app-extension";
		};
/* End PBXNativeTarget section */

/* Begin PBXProject section */
		E8BBD5052F0E01FE00C4B8DA /* Project object */ = {
			isa = PBXProject;
			attributes = {
				BuildIndependentTargetsInParallel = 1;
				LastSwiftUpdateCheck = 2620;
				LastUpgradeCheck = 2620;
				TargetAttributes = {
					E8BBD50C2F0E01FE00C4B8DA = {
						CreatedOnToolsVersion = 26.2;
					};
					E8BBD6022F20000000C4B8DA = {
						CreatedOnToolsVersion = 26.2;
					};
				};
			};
			buildConfigurationList = E8BBD5082F0E01FE00C4B8DA /* Build configuration list for PBXProject "FIT AI" */;
			developmentRegion = en;
			hasScannedForEncodings = 0;
			knownRegions = (
				en,
				Base,
			);
			mainGroup = E8BBD5042F0E01FE00C4B8DA;
			minimizedProjectReferenceProxies = 1;
			packageReferences = (
				ABCDEF0123456789ABCDEF01 /* XCRemoteSwiftPackageReference "supabase-swift" */,
				ABCDEF0123456789ABCDEF03 /* XCRemoteSwiftPackageReference "posthog-ios" */,
			);
			preferredProjectObjectVersion = 77;
			productRefGroup = E8BBD50E2F0E01FE00C4B8DA /* Products */;
			projectDirPath = "";
			projectRoot = "";
			targets = (
				E8BBD50C2F0E01FE00C4B8DA /* FIT AI */,
				E8BBD6022F20000000C4B8DA /* WorkoutWidgets */,
			);
		};
/* End PBXProject section */

/* Begin PBXResourcesBuildPhase section */
		E8BBD50B2F0E01FE00C4B8DA /* Resources */ = {
			isa = PBXResourcesBuildPhase;
			buildActionMask = 2147483647;
			files = (
			);
			runOnlyForDeploymentPostprocessing = 0;
		};
		E8BBD6052F20000000C4B8DA /* Resources */ = {
			isa = PBXResourcesBuildPhase;
			buildActionMask = 2147483647;
			files = (
			);
			runOnlyForDeploymentPostprocessing = 0;
		};
/* End PBXResourcesBuildPhase section */

/* Begin PBXSourcesBuildPhase section */
		E8BBD5092F0E01FE00C4B8DA /* Sources */ = {
			isa = PBXSourcesBuildPhase;
			buildActionMask = 2147483647;
			files = (
			);
			runOnlyForDeploymentPostprocessing = 0;
		};
		E8BBD6032F20000000C4B8DA /* Sources */ = {
			isa = PBXSourcesBuildPhase;
			buildActionMask = 2147483647;
			files = (
			);
			runOnlyForDeploymentPostprocessing = 0;
		};
/* End PBXSourcesBuildPhase section */

/* Begin PBXTargetDependency section */
		E8BBD60C2F20000000C4B8DA /* PBXTargetDependency */ = {
			isa = PBXTargetDependency;
			target = E8BBD6022F20000000C4B8DA /* WorkoutWidgets */;
			targetProxy = E8BBD60B2F20000000C4B8DA /* PBXContainerItemProxy */;
		};
/* End PBXTargetDependency section */

/* Begin XCBuildConfiguration section */
		E8BBD5162F0E020000C4B8DA /* Debug */ = {
			isa = XCBuildConfiguration;
			buildSettings = {
				ALWAYS_SEARCH_USER_PATHS = NO;
				ASSETCATALOG_COMPILER_GENERATE_SWIFT_ASSET_SYMBOL_EXTENSIONS = YES;
				CLANG_ANALYZER_NONNULL = YES;
				CLANG_ANALYZER_NUMBER_OBJECT_CONVERSION = YES_AGGRESSIVE;
				CLANG_CXX_LANGUAGE_STANDARD = "gnu++20";
				CLANG_ENABLE_MODULES = YES;
				CLANG_ENABLE_OBJC_ARC = YES;
				CLANG_ENABLE_OBJC_WEAK = YES;
				CLANG_WARN_BLOCK_CAPTURE_AUTORELEASING = YES;
				CLANG_WARN_BOOL_CONVERSION = YES;
				CLANG_WARN_COMMA = YES;
				CLANG_WARN_CONSTANT_CONVERSION = YES;
				CLANG_WARN_DEPRECATED_OBJC_IMPLEMENTATIONS = YES;
				CLANG_WARN_DIRECT_OBJC_ISA_USAGE = YES_ERROR;
				CLANG_WARN_DOCUMENTATION_COMMENTS = YES;
				CLANG_WARN_EMPTY_BODY = YES;
				CLANG_WARN_ENUM_CONVERSION = YES;
				CLANG_WARN_INFINITE_RECURSION = YES;
				CLANG_WARN_INT_CONVERSION = YES;
				CLANG_WARN_NON_LITERAL_NULL_CONVERSION = YES;
				CLANG_WARN_OBJC_IMPLICIT_RETAIN_SELF = YES;
				CLANG_WARN_OBJC_LITERAL_CONVERSION = YES;
				CLANG_WARN_OBJC_ROOT_CLASS = YES_ERROR;
				CLANG_WARN_QUOTED_INCLUDE_IN_FRAMEWORK_HEADER = YES;
				CLANG_WARN_RANGE_LOOP_ANALYSIS = YES;
				CLANG_WARN_STRICT_PROTOTYPES = YES;
				CLANG_WARN_SUSPICIOUS_MOVE = YES;
				CLANG_WARN_UNGUARDED_AVAILABILITY = YES_AGGRESSIVE;
				CLANG_WARN_UNREACHABLE_CODE = YES;
				CLANG_WARN__DUPLICATE_METHOD_MATCH = YES;
				COPY_PHASE_STRIP = NO;
				DEBUG_INFORMATION_FORMAT = dwarf;
				DEVELOPMENT_TEAM = HQ279286Y2;
				ENABLE_STRICT_OBJC_MSGSEND = YES;
				ENABLE_TESTABILITY = YES;
				ENABLE_USER_SCRIPT_SANDBOXING = YES;
				GCC_C_LANGUAGE_STANDARD = gnu17;
				GCC_DYNAMIC_NO_PIC = NO;
				GCC_NO_COMMON_BLOCKS = YES;
				GCC_OPTIMIZATION_LEVEL = 0;
				GCC_PREPROCESSOR_DEFINITIONS = (
					"DEBUG=1",
					"$(inherited)",
				);
				GCC_WARN_64_TO_32_BIT_CONVERSION = YES;
				GCC_WARN_ABOUT_RETURN_TYPE = YES_ERROR;
				GCC_WARN_UNDECLARED_SELECTOR = YES;
				GCC_WARN_UNINITIALIZED_AUTOS = YES_AGGRESSIVE;
				GCC_WARN_UNUSED_FUNCTION = YES;
				GCC_WARN_UNUSED_VARIABLE = YES;
				IPHONEOS_DEPLOYMENT_TARGET = 16.1;
				LOCALIZATION_PREFERS_STRING_CATALOGS = YES;
				MTL_ENABLE_DEBUG_INFO = INCLUDE_SOURCE;
				MTL_FAST_MATH = YES;
				ONLY_ACTIVE_ARCH = YES;
				SDKROOT = iphoneos;
				STRING_CATALOG_GENERATE_SYMBOLS = YES;
				SWIFT_ACTIVE_COMPILATION_CONDITIONS = "DEBUG $(inherited)";
				SWIFT_OPTIMIZATION_LEVEL = "-Onone";
			};
			name = Debug;
		};
		E8BBD5172F0E020000C4B8DA /* Release */ = {
			isa = XCBuildConfiguration;
			buildSettings = {
				ALWAYS_SEARCH_USER_PATHS = NO;
				ASSETCATALOG_COMPILER_GENERATE_SWIFT_ASSET_SYMBOL_EXTENSIONS = YES;
				CLANG_ANALYZER_NONNULL = YES;
				CLANG_ANALYZER_NUMBER_OBJECT_CONVERSION = YES_AGGRESSIVE;
				CLANG_CXX_LANGUAGE_STANDARD = "gnu++20";
				CLANG_ENABLE_MODULES = YES;
				CLANG_ENABLE_OBJC_ARC = YES;
				CLANG_ENABLE_OBJC_WEAK = YES;
				CLANG_WARN_BLOCK_CAPTURE_AUTORELEASING = YES;
				CLANG_WARN_BOOL_CONVERSION = YES;
				CLANG_WARN_COMMA = YES;
				CLANG_WARN_CONSTANT_CONVERSION = YES;
				CLANG_WARN_DEPRECATED_OBJC_IMPLEMENTATIONS = YES;
				CLANG_WARN_DIRECT_OBJC_ISA_USAGE = YES_ERROR;
				CLANG_WARN_DOCUMENTATION_COMMENTS = YES;
				CLANG_WARN_EMPTY_BODY = YES;
				CLANG_WARN_ENUM_CONVERSION = YES;
				CLANG_WARN_INFINITE_RECURSION = YES;
				CLANG_WARN_INT_CONVERSION = YES;
				CLANG_WARN_NON_LITERAL_NULL_CONVERSION = YES;
				CLANG_WARN_OBJC_IMPLICIT_RETAIN_SELF = YES;
				CLANG_WARN_OBJC_LITERAL_CONVERSION = YES;
				CLANG_WARN_OBJC_ROOT_CLASS = YES_ERROR;
				CLANG_WARN_QUOTED_INCLUDE_IN_FRAMEWORK_HEADER = YES;
				CLANG_WARN_RANGE_LOOP_ANALYSIS = YES;
				CLANG_WARN_STRICT_PROTOTYPES = YES;
				CLANG_WARN_SUSPICIOUS_MOVE = YES;
				CLANG_WARN_UNGUARDED_AVAILABILITY = YES_AGGRESSIVE;
				CLANG_WARN_UNREACHABLE_CODE = YES;
				CLANG_WARN__DUPLICATE_METHOD_MATCH = YES;
				COPY_PHASE_STRIP = NO;
				DEBUG_INFORMATION_FORMAT = "dwarf-with-dsym";
				DEVELOPMENT_TEAM = HQ279286Y2;
				ENABLE_NS_ASSERTIONS = NO;
				ENABLE_STRICT_OBJC_MSGSEND = YES;
				ENABLE_USER_SCRIPT_SANDBOXING = YES;
				GCC_C_LANGUAGE_STANDARD = gnu17;
				GCC_NO_COMMON_BLOCKS = YES;
				GCC_WARN_64_TO_32_BIT_CONVERSION = YES;
				GCC_WARN_ABOUT_RETURN_TYPE = YES_ERROR;
				GCC_WARN_UNDECLARED_SELECTOR = YES;
				GCC_WARN_UNINITIALIZED_AUTOS = YES_AGGRESSIVE;
				GCC_WARN_UNUSED_FUNCTION = YES;
				GCC_WARN_UNUSED_VARIABLE = YES;
				IPHONEOS_DEPLOYMENT_TARGET = 16.1;
				LOCALIZATION_PREFERS_STRING_CATALOGS = YES;
				MTL_ENABLE_DEBUG_INFO = NO;
				MTL_FAST_MATH = YES;
				SDKROOT = iphoneos;
				STRING_CATALOG_GENERATE_SYMBOLS = YES;
				SWIFT_COMPILATION_MODE = wholemodule;
				VALIDATE_PRODUCT = YES;
			};
			name = Release;
		};
		E8BBD5192F0E020000C4B8DA /* Debug */ = {
			isa = XCBuildConfiguration;
			buildSettings = {
				ASSETCATALOG_COMPILER_APPICON_NAME = AppIcon;
				ASSETCATALOG_COMPILER_GLOBAL_ACCENT_COLOR_NAME = AccentColor;
				CODE_SIGN_ENTITLEMENTS = "FIT AI/FIT AI.entitlements";
				CODE_SIGN_IDENTITY = "Apple Development";
				CODE_SIGN_STYLE = Automatic;
				CURRENT_PROJECT_VERSION = 1;
				DEVELOPMENT_TEAM = HQ279286Y2;
				ENABLE_PREVIEWS = YES;
				GENERATE_INFOPLIST_FILE = YES;
				INFOPLIST_KEY_CFBundleURLTypes = "( { CFBundleTypeRole = Editor; CFBundleURLName = fitai; CFBundleURLSchemes = ( fitai ); } )";
				INFOPLIST_KEY_NSCameraUsageDescription = "FIT AI uses the camera to scan meals and barcodes.";
				INFOPLIST_KEY_NSMicrophoneUsageDescription = "FIT AI uses the microphone to let you speak meals for Voice Log.";
				INFOPLIST_KEY_NSPhotoLibraryUsageDescription = "FIT AI uses your photo library to scan meals.";
				INFOPLIST_KEY_NSSpeechRecognitionUsageDescription = "FIT AI uses speech recognition to turn your speech into text for meal logging.";
				INFOPLIST_KEY_NSSupportsLiveActivities = YES;
				INFOPLIST_KEY_UIApplicationSceneManifest_Generation = YES;
				INFOPLIST_KEY_UILaunchStoryboardName = LaunchScreen;
				INFOPLIST_KEY_UISupportedInterfaceOrientations_iPad = "UIInterfaceOrientationPortrait UIInterfaceOrientationPortraitUpsideDown UIInterfaceOrientationLandscapeLeft UIInterfaceOrientationLandscapeRight";
				INFOPLIST_KEY_UISupportedInterfaceOrientations_iPhone = "UIInterfaceOrientationPortrait UIInterfaceOrientationLandscapeLeft UIInterfaceOrientationLandscapeRight";
				LD_RUNPATH_SEARCH_PATHS = (
					"$(inherited)",
					"@executable_path/Frameworks",
				);
				MARKETING_VERSION = 1.0;
				PRODUCT_BUNDLE_IDENTIFIER = "com.sean.FIT-AI";
				PRODUCT_NAME = "$(TARGET_NAME)";
				PROVISIONING_PROFILE_SPECIFIER = "";
				STRING_CATALOG_GENERATE_SYMBOLS = YES;
				SWIFT_APPROACHABLE_CONCURRENCY = YES;
				SWIFT_DEFAULT_ACTOR_ISOLATION = MainActor;
				SWIFT_EMIT_LOC_STRINGS = YES;
				SWIFT_UPCOMING_FEATURE_MEMBER_IMPORT_VISIBILITY = YES;
				SWIFT_VERSION = 5.0;
				TARGETED_DEVICE_FAMILY = "1,2";
			};
			name = Debug;
		};
		E8BBD51A2F0E020000C4B8DA /* Release */ = {
			isa = XCBuildConfiguration;
			buildSettings = {
				ASSETCATALOG_COMPILER_APPICON_NAME = AppIcon;
				ASSETCATALOG_COMPILER_GLOBAL_ACCENT_COLOR_NAME = AccentColor;
				CODE_SIGN_ENTITLEMENTS = "FIT AI/FIT AI.entitlements";
				CODE_SIGN_IDENTITY = "Apple Development";
				CODE_SIGN_STYLE = Automatic;
				CURRENT_PROJECT_VERSION = 1;
				DEVELOPMENT_TEAM = HQ279286Y2;
				ENABLE_PREVIEWS = YES;
				GENERATE_INFOPLIST_FILE = YES;
				INFOPLIST_KEY_CFBundleURLTypes = "( { CFBundleTypeRole = Editor; CFBundleURLName = fitai; CFBundleURLSchemes = ( fitai ); } )";
				INFOPLIST_KEY_NSCameraUsageDescription = "FIT AI uses the camera to scan meals and barcodes.";
				INFOPLIST_KEY_NSMicrophoneUsageDescription = "FIT AI uses the microphone to let you speak meals for Voice Log.";
				INFOPLIST_KEY_NSPhotoLibraryUsageDescription = "FIT AI uses your photo library to scan meals.";
				INFOPLIST_KEY_NSSpeechRecognitionUsageDescription = "FIT AI uses speech recognition to turn your speech into text for meal logging.";
				INFOPLIST_KEY_NSSupportsLiveActivities = YES;
				INFOPLIST_KEY_UIApplicationSceneManifest_Generation = YES;
				INFOPLIST_KEY_UILaunchStoryboardName = LaunchScreen;
				INFOPLIST_KEY_UISupportedInterfaceOrientations_iPad = "UIInterfaceOrientationPortrait UIInterfaceOrientationPortraitUpsideDown UIInterfaceOrientationLandscapeLeft UIInterfaceOrientationLandscapeRight";
				INFOPLIST_KEY_UISupportedInterfaceOrientations_iPhone = "UIInterfaceOrientationPortrait UIInterfaceOrientationLandscapeLeft UIInterfaceOrientationLandscapeRight";
				LD_RUNPATH_SEARCH_PATHS = (
					"$(inherited)",
					"@executable_path/Frameworks",
				);
				MARKETING_VERSION = 1.0;
				PRODUCT_BUNDLE_IDENTIFIER = "com.sean.FIT-AI";
				PRODUCT_NAME = "$(TARGET_NAME)";
				PROVISIONING_PROFILE_SPECIFIER = "";
				STRING_CATALOG_GENERATE_SYMBOLS = YES;
				SWIFT_APPROACHABLE_CONCURRENCY = YES;
				SWIFT_DEFAULT_ACTOR_ISOLATION = MainActor;
				SWIFT_EMIT_LOC_STRINGS = YES;
				SWIFT_UPCOMING_FEATURE_MEMBER_IMPORT_VISIBILITY = YES;
				SWIFT_VERSION = 5.0;
				TARGETED_DEVICE_FAMILY = "1,2";
			};
			name = Release;
		};
		E8BBD6062F20000000C4B8DA /* Debug */ = {
			isa = XCBuildConfiguration;
			buildSettings = {
				CODE_SIGN_ENTITLEMENTS = WorkoutWidgets.entitlements;
				CODE_SIGN_IDENTITY = "Apple Development";
				CODE_SIGN_STYLE = Automatic;
				CURRENT_PROJECT_VERSION = 1;
				DEVELOPMENT_TEAM = HQ279286Y2;
				GENERATE_INFOPLIST_FILE = NO;
				INFOPLIST_FILE = WorkoutWidgetsInfo.plist;
				IPHONEOS_DEPLOYMENT_TARGET = 16.1;
				MARKETING_VERSION = 1.0;
				PRODUCT_BUNDLE_IDENTIFIER = "com.sean.FIT-AI.workoutwidgets";
				PRODUCT_NAME = "$(TARGET_NAME)";
				PROVISIONING_PROFILE_SPECIFIER = "";
				SKIP_INSTALL = YES;
				SWIFT_VERSION = 5.0;
				TARGETED_DEVICE_FAMILY = "1,2";
			};
			name = Debug;
		};
		E8BBD6072F20000000C4B8DA /* Release */ = {
			isa = XCBuildConfiguration;
			buildSettings = {
				CODE_SIGN_ENTITLEMENTS = WorkoutWidgets.entitlements;
				CODE_SIGN_IDENTITY = "Apple Development";
				CODE_SIGN_STYLE = Automatic;
				CURRENT_PROJECT_VERSION = 1;
				DEVELOPMENT_TEAM = HQ279286Y2;
				GENERATE_INFOPLIST_FILE = NO;
				INFOPLIST_FILE = WorkoutWidgetsInfo.plist;
				IPHONEOS_DEPLOYMENT_TARGET = 16.1;
				MARKETING_VERSION = 1.0;
				PRODUCT_BUNDLE_IDENTIFIER = "com.sean.FIT-AI.workoutwidgets";
				PRODUCT_NAME = "$(TARGET_NAME)";
				PROVISIONING_PROFILE_SPECIFIER = "";
				SKIP_INSTALL = YES;
				SWIFT_VERSION = 5.0;
				TARGETED_DEVICE_FAMILY = "1,2";
			};
			name = Release;
		};
/* End XCBuildConfiguration section */

/* Begin XCConfigurationList section */
		E8BBD5082F0E01FE00C4B8DA /* Build configuration list for PBXProject "FIT AI" */ = {
			isa = XCConfigurationList;
			buildConfigurations = (
				E8BBD5162F0E020000C4B8DA /* Debug */,
				E8BBD5172F0E020000C4B8DA /* Release */,
			);
			defaultConfigurationIsVisible = 0;
			defaultConfigurationName = Release;
		};
		E8BBD5182F0E020000C4B8DA /* Build configuration list for PBXNativeTarget "FIT AI" */ = {
			isa = XCConfigurationList;
			buildConfigurations = (
				E8BBD5192F0E020000C4B8DA /* Debug */,
				E8BBD51A2F0E020000C4B8DA /* Release */,
			);
			defaultConfigurationIsVisible = 0;
			defaultConfigurationName = Release;
		};
		E8BBD6082F20000000C4B8DA /* Build configuration list for PBXNativeTarget "WorkoutWidgets" */ = {
			isa = XCConfigurationList;
			buildConfigurations = (
				E8BBD6062F20000000C4B8DA /* Debug */,
				E8BBD6072F20000000C4B8DA /* Release */,
			);
			defaultConfigurationIsVisible = 0;
			defaultConfigurationName = Release;
		};
/* End XCConfigurationList section */

/* Begin XCRemoteSwiftPackageReference section */
		ABCDEF0123456789ABCDEF01 /* XCRemoteSwiftPackageReference "supabase-swift" */ = {
			isa = XCRemoteSwiftPackageReference;
			repositoryURL = "https://github.com/supabase/supabase-swift.git";
			requirement = {
				kind = upToNextMajorVersion;
				minimumVersion = 1.0.0;
			};
		};
		ABCDEF0123456789ABCDEF03 /* XCRemoteSwiftPackageReference "posthog-ios" */ = {
			isa = XCRemoteSwiftPackageReference;
			repositoryURL = "https://github.com/PostHog/posthog-ios.git";
			requirement = {
				kind = upToNextMajorVersion;
				minimumVersion = 3.0.0;
			};
		};
/* End XCRemoteSwiftPackageReference section */

/* Begin XCSwiftPackageProductDependency section */
		ABCDEF0123456789ABCDEF02 /* Supabase */ = {
			isa = XCSwiftPackageProductDependency;
			package = ABCDEF0123456789ABCDEF01 /* XCRemoteSwiftPackageReference "supabase-swift" */;
			productName = Supabase;
		};
		ABCDEF0123456789ABCDEF04 /* PostHog */ = {
			isa = XCSwiftPackageProductDependency;
			package = ABCDEF0123456789ABCDEF03 /* XCRemoteSwiftPackageReference "posthog-ios" */;
			productName = PostHog;
		};
/* End XCSwiftPackageProductDependency section */
	};
	rootObject = E8BBD5052F0E01FE00C4B8DA /* Project object */;
}
